// !$*UTF8*$!
{
	archiveVersion = 1;
	classes = {
	};
	objectVersion = 50;
	objects = {

/* Begin PBXBuildFile section */
		5675BC9424E61AEA00F55131 /* AppDelegate.swift in Sources */ = {isa = PBXBuildFile; fileRef = 5675BC9324E61AEA00F55131 /* AppDelegate.swift */; };
		5675BC9624E61AEA00F55131 /* SceneDelegate.swift in Sources */ = {isa = PBXBuildFile; fileRef = 5675BC9524E61AEA00F55131 /* SceneDelegate.swift */; };
		5675BC9824E61AEA00F55131 /* TabBarController.swift in Sources */ = {isa = PBXBuildFile; fileRef = 5675BC9724E61AEA00F55131 /* TabBarController.swift */; };
		5675BC9D24E61AEC00F55131 /* Assets.xcassets in Resources */ = {isa = PBXBuildFile; fileRef = 5675BC9C24E61AEC00F55131 /* Assets.xcassets */; };
		5675BCA024E61AEC00F55131 /* LaunchScreen.storyboard in Resources */ = {isa = PBXBuildFile; fileRef = 5675BC9E24E61AEC00F55131 /* LaunchScreen.storyboard */; };
		5691E20D24E6DB00008A4487 /* .swiftlint.yml in Resources */ = {isa = PBXBuildFile; fileRef = 5691E20C24E6DB00008A4487 /* .swiftlint.yml */; };
		5691E20F24E6FDD8008A4487 /* GalleryViewController.swift in Sources */ = {isa = PBXBuildFile; fileRef = 5691E20E24E6FDD8008A4487 /* GalleryViewController.swift */; };
		5691E21124E6FE16008A4487 /* GetInspiredViewController.swift in Sources */ = {isa = PBXBuildFile; fileRef = 5691E21024E6FE16008A4487 /* GetInspiredViewController.swift */; };
		5691E21624E71E25008A4487 /* NewAlbumViewController.swift in Sources */ = {isa = PBXBuildFile; fileRef = 5691E21524E71E25008A4487 /* NewAlbumViewController.swift */; };
		5691E21824E72C82008A4487 /* AlbumModel.swift in Sources */ = {isa = PBXBuildFile; fileRef = 5691E21724E72C82008A4487 /* AlbumModel.swift */; };
		5691E21E24EB66D9008A4487 /* GalleryTableViewCell.swift in Sources */ = {isa = PBXBuildFile; fileRef = 5691E21D24EB66D9008A4487 /* GalleryTableViewCell.swift */; };
		5691E22124EBFEF3008A4487 /* UIViewExtension.swift in Sources */ = {isa = PBXBuildFile; fileRef = 5691E22024EBFEF3008A4487 /* UIViewExtension.swift */; };
		5691E22324EBFF51008A4487 /* GalleryViewControllerExtension.swift in Sources */ = {isa = PBXBuildFile; fileRef = 5691E22224EBFF51008A4487 /* GalleryViewControllerExtension.swift */; };
		5691E22924EC651F008A4487 /* GetInspiredViewControllerExtension.swift in Sources */ = {isa = PBXBuildFile; fileRef = 5691E22824EC651F008A4487 /* GetInspiredViewControllerExtension.swift */; };
/* End PBXBuildFile section */

/* Begin PBXFileReference section */
		5675BC9024E61AEA00F55131 /* Owllery.app */ = {isa = PBXFileReference; explicitFileType = wrapper.application; includeInIndex = 0; path = Owllery.app; sourceTree = BUILT_PRODUCTS_DIR; };
		5675BC9324E61AEA00F55131 /* AppDelegate.swift */ = {isa = PBXFileReference; lastKnownFileType = sourcecode.swift; path = AppDelegate.swift; sourceTree = "<group>"; };
		5675BC9524E61AEA00F55131 /* SceneDelegate.swift */ = {isa = PBXFileReference; lastKnownFileType = sourcecode.swift; path = SceneDelegate.swift; sourceTree = "<group>"; };
		5675BC9724E61AEA00F55131 /* TabBarController.swift */ = {isa = PBXFileReference; lastKnownFileType = sourcecode.swift; path = TabBarController.swift; sourceTree = "<group>"; };
		5675BC9C24E61AEC00F55131 /* Assets.xcassets */ = {isa = PBXFileReference; lastKnownFileType = folder.assetcatalog; path = Assets.xcassets; sourceTree = "<group>"; };
		5675BC9F24E61AEC00F55131 /* Base */ = {isa = PBXFileReference; lastKnownFileType = file.storyboard; name = Base; path = Base.lproj/LaunchScreen.storyboard; sourceTree = "<group>"; };
		5675BCA124E61AEC00F55131 /* Info.plist */ = {isa = PBXFileReference; lastKnownFileType = text.plist.xml; path = Info.plist; sourceTree = "<group>"; };
		5691E20C24E6DB00008A4487 /* .swiftlint.yml */ = {isa = PBXFileReference; lastKnownFileType = text.yaml; path = .swiftlint.yml; sourceTree = "<group>"; };
		5691E20E24E6FDD8008A4487 /* GalleryViewController.swift */ = {isa = PBXFileReference; lastKnownFileType = sourcecode.swift; path = GalleryViewController.swift; sourceTree = "<group>"; };
		5691E21024E6FE16008A4487 /* GetInspiredViewController.swift */ = {isa = PBXFileReference; lastKnownFileType = sourcecode.swift; path = GetInspiredViewController.swift; sourceTree = "<group>"; };
		5691E21524E71E25008A4487 /* NewAlbumViewController.swift */ = {isa = PBXFileReference; lastKnownFileType = sourcecode.swift; path = NewAlbumViewController.swift; sourceTree = "<group>"; };
		5691E21724E72C82008A4487 /* AlbumModel.swift */ = {isa = PBXFileReference; lastKnownFileType = sourcecode.swift; path = AlbumModel.swift; sourceTree = "<group>"; };
		5691E21D24EB66D9008A4487 /* GalleryTableViewCell.swift */ = {isa = PBXFileReference; lastKnownFileType = sourcecode.swift; path = GalleryTableViewCell.swift; sourceTree = "<group>"; };
		5691E22024EBFEF3008A4487 /* UIViewExtension.swift */ = {isa = PBXFileReference; lastKnownFileType = sourcecode.swift; path = UIViewExtension.swift; sourceTree = "<group>"; };
		5691E22224EBFF51008A4487 /* GalleryViewControllerExtension.swift */ = {isa = PBXFileReference; lastKnownFileType = sourcecode.swift; path = GalleryViewControllerExtension.swift; sourceTree = "<group>"; };
		5691E22824EC651F008A4487 /* GetInspiredViewControllerExtension.swift */ = {isa = PBXFileReference; lastKnownFileType = sourcecode.swift; path = GetInspiredViewControllerExtension.swift; sourceTree = "<group>"; };
/* End PBXFileReference section */

/* Begin PBXFrameworksBuildPhase section */
		5675BC8D24E61AEA00F55131 /* Frameworks */ = {
			isa = PBXFrameworksBuildPhase;
			buildActionMask = 2147483647;
			files = (
			);
			runOnlyForDeploymentPostprocessing = 0;
		};
/* End PBXFrameworksBuildPhase section */

/* Begin PBXGroup section */
		5675BC8724E61AEA00F55131 = {
			isa = PBXGroup;
			children = (
				5675BC9224E61AEA00F55131 /* Owllery */,
				5675BC9124E61AEA00F55131 /* Products */,
			);
			sourceTree = "<group>";
		};
		5675BC9124E61AEA00F55131 /* Products */ = {
			isa = PBXGroup;
			children = (
				5675BC9024E61AEA00F55131 /* Owllery.app */,
			);
			name = Products;
			sourceTree = "<group>";
		};
		5675BC9224E61AEA00F55131 /* Owllery */ = {
			isa = PBXGroup;
			children = (
				5691E21F24EBFE86008A4487 /* Extensions */,
				5691E21224E6FE6E008A4487 /* Model */,
				5691E21424E6FE80008A4487 /* Controller */,
				5675BC9324E61AEA00F55131 /* AppDelegate.swift */,
				5675BC9524E61AEA00F55131 /* SceneDelegate.swift */,
				5675BC9C24E61AEC00F55131 /* Assets.xcassets */,
				5675BC9E24E61AEC00F55131 /* LaunchScreen.storyboard */,
				5675BCA124E61AEC00F55131 /* Info.plist */,
				5691E20C24E6DB00008A4487 /* .swiftlint.yml */,
			);
			path = Owllery;
			sourceTree = "<group>";
		};
		5691E21224E6FE6E008A4487 /* Model */ = {
			isa = PBXGroup;
			children = (
				5691E21724E72C82008A4487 /* AlbumModel.swift */,
			);
			path = Model;
			sourceTree = "<group>";
		};
		5691E21424E6FE80008A4487 /* Controller */ = {
			isa = PBXGroup;
			children = (
				5675BC9724E61AEA00F55131 /* TabBarController.swift */,
				5691E20E24E6FDD8008A4487 /* GalleryViewController.swift */,
				5691E21024E6FE16008A4487 /* GetInspiredViewController.swift */,
				5691E21524E71E25008A4487 /* NewAlbumViewController.swift */,
				5691E21D24EB66D9008A4487 /* GalleryTableViewCell.swift */,
			);
			path = Controller;
			sourceTree = "<group>";
		};
		5691E21F24EBFE86008A4487 /* Extensions */ = {
			isa = PBXGroup;
			children = (
				5691E22024EBFEF3008A4487 /* UIViewExtension.swift */,
				5691E22224EBFF51008A4487 /* GalleryViewControllerExtension.swift */,
				5691E22824EC651F008A4487 /* GetInspiredViewControllerExtension.swift */,
			);
			path = Extensions;
			sourceTree = "<group>";
		};
/* End PBXGroup section */

/* Begin PBXNativeTarget section */
		5675BC8F24E61AEA00F55131 /* Owllery */ = {
			isa = PBXNativeTarget;
			buildConfigurationList = 5675BCA424E61AEC00F55131 /* Build configuration list for PBXNativeTarget "Owllery" */;
			buildPhases = (
				5675BC8C24E61AEA00F55131 /* Sources */,
				5675BC8D24E61AEA00F55131 /* Frameworks */,
				5675BC8E24E61AEA00F55131 /* Resources */,
				5691E20B24E6D8CD008A4487 /* ShellScript */,
			);
			buildRules = (
			);
			dependencies = (
			);
			name = Owllery;
			productName = Owllery;
			productReference = 5675BC9024E61AEA00F55131 /* Owllery.app */;
			productType = "com.apple.product-type.application";
		};
/* End PBXNativeTarget section */

/* Begin PBXProject section */
		5675BC8824E61AEA00F55131 /* Project object */ = {
			isa = PBXProject;
			attributes = {
				LastSwiftUpdateCheck = 1160;
				LastUpgradeCheck = 1160;
				ORGANIZATIONNAME = "Nathalia Cardoso";
				TargetAttributes = {
					5675BC8F24E61AEA00F55131 = {
						CreatedOnToolsVersion = 11.6;
					};
				};
			};
			buildConfigurationList = 5675BC8B24E61AEA00F55131 /* Build configuration list for PBXProject "Owllery" */;
			compatibilityVersion = "Xcode 9.3";
			developmentRegion = en;
			hasScannedForEncodings = 0;
			knownRegions = (
				en,
				Base,
			);
			mainGroup = 5675BC8724E61AEA00F55131;
			productRefGroup = 5675BC9124E61AEA00F55131 /* Products */;
			projectDirPath = "";
			projectRoot = "";
			targets = (
				5675BC8F24E61AEA00F55131 /* Owllery */,
			);
		};
/* End PBXProject section */

/* Begin PBXResourcesBuildPhase section */
		5675BC8E24E61AEA00F55131 /* Resources */ = {
			isa = PBXResourcesBuildPhase;
			buildActionMask = 2147483647;
			files = (
				5691E20D24E6DB00008A4487 /* .swiftlint.yml in Resources */,
				5675BCA024E61AEC00F55131 /* LaunchScreen.storyboard in Resources */,
				5675BC9D24E61AEC00F55131 /* Assets.xcassets in Resources */,
			);
			runOnlyForDeploymentPostprocessing = 0;
		};
/* End PBXResourcesBuildPhase section */

/* Begin PBXShellScriptBuildPhase section */
		5691E20B24E6D8CD008A4487 /* ShellScript */ = {
			isa = PBXShellScriptBuildPhase;
			buildActionMask = 2147483647;
			files = (
			);
			inputFileListPaths = (
			);
			inputPaths = (
			);
			outputFileListPaths = (
			);
			outputPaths = (
			);
			runOnlyForDeploymentPostprocessing = 0;
			shellPath = /bin/sh;
			shellScript = "if which swiftlint >/dev/null; then\n  swiftlint\nelse\n  echo \"warning: SwiftLint not installed, download from https://github.com/realm/SwiftLint\"\nfi\n";
		};
/* End PBXShellScriptBuildPhase section */

/* Begin PBXSourcesBuildPhase section */
		5675BC8C24E61AEA00F55131 /* Sources */ = {
			isa = PBXSourcesBuildPhase;
			buildActionMask = 2147483647;
			files = (
				5691E21E24EB66D9008A4487 /* GalleryTableViewCell.swift in Sources */,
				5691E22324EBFF51008A4487 /* GalleryViewControllerExtension.swift in Sources */,
				5691E21824E72C82008A4487 /* AlbumModel.swift in Sources */,
				5675BC9824E61AEA00F55131 /* TabBarController.swift in Sources */,
				5691E22924EC651F008A4487 /* GetInspiredViewControllerExtension.swift in Sources */,
				5675BC9424E61AEA00F55131 /* AppDelegate.swift in Sources */,
				5675BC9624E61AEA00F55131 /* SceneDelegate.swift in Sources */,
				5691E21624E71E25008A4487 /* NewAlbumViewController.swift in Sources */,
				5691E22124EBFEF3008A4487 /* UIViewExtension.swift in Sources */,
				5691E21124E6FE16008A4487 /* GetInspiredViewController.swift in Sources */,
				5691E20F24E6FDD8008A4487 /* GalleryViewController.swift in Sources */,
			);
			runOnlyForDeploymentPostprocessing = 0;
		};
/* End PBXSourcesBuildPhase section */

/* Begin PBXVariantGroup section */
		5675BC9E24E61AEC00F55131 /* LaunchScreen.storyboard */ = {
			isa = PBXVariantGroup;
			children = (
				5675BC9F24E61AEC00F55131 /* Base */,
			);
			name = LaunchScreen.storyboard;
			sourceTree = "<group>";
		};
/* End PBXVariantGroup section */

/* Begin XCBuildConfiguration section */
		5675BCA224E61AEC00F55131 /* Debug */ = {
			isa = XCBuildConfiguration;
			buildSettings = {
				ALWAYS_SEARCH_USER_PATHS = NO;
				CLANG_ANALYZER_NONNULL = YES;
				CLANG_ANALYZER_NUMBER_OBJECT_CONVERSION = YES_AGGRESSIVE;
				CLANG_CXX_LANGUAGE_STANDARD = "gnu++14";
				CLANG_CXX_LIBRARY = "libc++";
				CLANG_ENABLE_MODULES = YES;
				CLANG_ENABLE_OBJC_ARC = YES;
				CLANG_ENABLE_OBJC_WEAK = YES;
				CLANG_WARN_BLOCK_CAPTURE_AUTORELEASING = YES;
				CLANG_WARN_BOOL_CONVERSION = YES;
				CLANG_WARN_COMMA = YES;
				CLANG_WARN_CONSTANT_CONVERSION = YES;
				CLANG_WARN_DEPRECATED_OBJC_IMPLEMENTATIONS = YES;
				CLANG_WARN_DIRECT_OBJC_ISA_USAGE = YES_ERROR;
				CLANG_WARN_DOCUMENTATION_COMMENTS = YES;
				CLANG_WARN_EMPTY_BODY = YES;
				CLANG_WARN_ENUM_CONVERSION = YES;
				CLANG_WARN_INFINITE_RECURSION = YES;
				CLANG_WARN_INT_CONVERSION = YES;
				CLANG_WARN_NON_LITERAL_NULL_CONVERSION = YES;
				CLANG_WARN_OBJC_IMPLICIT_RETAIN_SELF = YES;
				CLANG_WARN_OBJC_LITERAL_CONVERSION = YES;
				CLANG_WARN_OBJC_ROOT_CLASS = YES_ERROR;
				CLANG_WARN_RANGE_LOOP_ANALYSIS = YES;
				CLANG_WARN_STRICT_PROTOTYPES = YES;
				CLANG_WARN_SUSPICIOUS_MOVE = YES;
				CLANG_WARN_UNGUARDED_AVAILABILITY = YES_AGGRESSIVE;
				CLANG_WARN_UNREACHABLE_CODE = YES;
				CLANG_WARN__DUPLICATE_METHOD_MATCH = YES;
				COPY_PHASE_STRIP = NO;
				DEBUG_INFORMATION_FORMAT = dwarf;
				ENABLE_STRICT_OBJC_MSGSEND = YES;
				ENABLE_TESTABILITY = YES;
				GCC_C_LANGUAGE_STANDARD = gnu11;
				GCC_DYNAMIC_NO_PIC = NO;
				GCC_NO_COMMON_BLOCKS = YES;
				GCC_OPTIMIZATION_LEVEL = 0;
				GCC_PREPROCESSOR_DEFINITIONS = (
					"DEBUG=1",
					"$(inherited)",
				);
				GCC_WARN_64_TO_32_BIT_CONVERSION = YES;
				GCC_WARN_ABOUT_RETURN_TYPE = YES_ERROR;
				GCC_WARN_UNDECLARED_SELECTOR = YES;
				GCC_WARN_UNINITIALIZED_AUTOS = YES_AGGRESSIVE;
				GCC_WARN_UNUSED_FUNCTION = YES;
				GCC_WARN_UNUSED_VARIABLE = YES;
				IPHONEOS_DEPLOYMENT_TARGET = 13.6;
				MTL_ENABLE_DEBUG_INFO = INCLUDE_SOURCE;
				MTL_FAST_MATH = YES;
				ONLY_ACTIVE_ARCH = YES;
				SDKROOT = iphoneos;
				SWIFT_ACTIVE_COMPILATION_CONDITIONS = DEBUG;
				SWIFT_OPTIMIZATION_LEVEL = "-Onone";
			};
			name = Debug;
		};
		5675BCA324E61AEC00F55131 /* Release */ = {
			isa = XCBuildConfiguration;
			buildSettings = {
				ALWAYS_SEARCH_USER_PATHS = NO;
				CLANG_ANALYZER_NONNULL = YES;
				CLANG_ANALYZER_NUMBER_OBJECT_CONVERSION = YES_AGGRESSIVE;
				CLANG_CXX_LANGUAGE_STANDARD = "gnu++14";
				CLANG_CXX_LIBRARY = "libc++";
				CLANG_ENABLE_MODULES = YES;
				CLANG_ENABLE_OBJC_ARC = YES;
				CLANG_ENABLE_OBJC_WEAK = YES;
				CLANG_WARN_BLOCK_CAPTURE_AUTORELEASING = YES;
				CLANG_WARN_BOOL_CONVERSION = YES;
				CLANG_WARN_COMMA = YES;
				CLANG_WARN_CONSTANT_CONVERSION = YES;
				CLANG_WARN_DEPRECATED_OBJC_IMPLEMENTATIONS = YES;
				CLANG_WARN_DIRECT_OBJC_ISA_USAGE = YES_ERROR;
				CLANG_WARN_DOCUMENTATION_COMMENTS = YES;
				CLANG_WARN_EMPTY_BODY = YES;
				CLANG_WARN_ENUM_CONVERSION = YES;
				CLANG_WARN_INFINITE_RECURSION = YES;
				CLANG_WARN_INT_CONVERSION = YES;
				CLANG_WARN_NON_LITERAL_NULL_CONVERSION = YES;
				CLANG_WARN_OBJC_IMPLICIT_RETAIN_SELF = YES;
				CLANG_WARN_OBJC_LITERAL_CONVERSION = YES;
				CLANG_WARN_OBJC_ROOT_CLASS = YES_ERROR;
				CLANG_WARN_RANGE_LOOP_ANALYSIS = YES;
				CLANG_WARN_STRICT_PROTOTYPES = YES;
				CLANG_WARN_SUSPICIOUS_MOVE = YES;
				CLANG_WARN_UNGUARDED_AVAILABILITY = YES_AGGRESSIVE;
				CLANG_WARN_UNREACHABLE_CODE = YES;
				CLANG_WARN__DUPLICATE_METHOD_MATCH = YES;
				COPY_PHASE_STRIP = NO;
				DEBUG_INFORMATION_FORMAT = "dwarf-with-dsym";
				ENABLE_NS_ASSERTIONS = NO;
				ENABLE_STRICT_OBJC_MSGSEND = YES;
				GCC_C_LANGUAGE_STANDARD = gnu11;
				GCC_NO_COMMON_BLOCKS = YES;
				GCC_WARN_64_TO_32_BIT_CONVERSION = YES;
				GCC_WARN_ABOUT_RETURN_TYPE = YES_ERROR;
				GCC_WARN_UNDECLARED_SELECTOR = YES;
				GCC_WARN_UNINITIALIZED_AUTOS = YES_AGGRESSIVE;
				GCC_WARN_UNUSED_FUNCTION = YES;
				GCC_WARN_UNUSED_VARIABLE = YES;
				IPHONEOS_DEPLOYMENT_TARGET = 13.6;
				MTL_ENABLE_DEBUG_INFO = NO;
				MTL_FAST_MATH = YES;
				SDKROOT = iphoneos;
				SWIFT_COMPILATION_MODE = wholemodule;
				SWIFT_OPTIMIZATION_LEVEL = "-O";
				VALIDATE_PRODUCT = YES;
			};
			name = Release;
		};
		5675BCA524E61AEC00F55131 /* Debug */ = {
			isa = XCBuildConfiguration;
			buildSettings = {
				ASSETCATALOG_COMPILER_APPICON_NAME = AppIcon;
				CODE_SIGN_STYLE = Automatic;
				DEVELOPMENT_TEAM = 2KUGC5CZ6Z;
				INFOPLIST_FILE = Owllery/Info.plist;
				LD_RUNPATH_SEARCH_PATHS = (
					"$(inherited)",
					"@executable_path/Frameworks",
				);
				PRODUCT_BUNDLE_IDENTIFIER = nathalia.Owllery;
				PRODUCT_NAME = "$(TARGET_NAME)";
				SWIFT_VERSION = 5.0;
				TARGETED_DEVICE_FAMILY = 1;
			};
			name = Debug;
		};
		5675BCA624E61AEC00F55131 /* Release */ = {
			isa = XCBuildConfiguration;
			buildSettings = {
				ASSETCATALOG_COMPILER_APPICON_NAME = AppIcon;
				CODE_SIGN_STYLE = Automatic;
				DEVELOPMENT_TEAM = 2KUGC5CZ6Z;
				INFOPLIST_FILE = Owllery/Info.plist;
				LD_RUNPATH_SEARCH_PATHS = (
					"$(inherited)",
					"@executable_path/Frameworks",
				);
				PRODUCT_BUNDLE_IDENTIFIER = nathalia.Owllery;
				PRODUCT_NAME = "$(TARGET_NAME)";
				SWIFT_VERSION = 5.0;
				TARGETED_DEVICE_FAMILY = 1;
			};
			name = Release;
		};
/* End XCBuildConfiguration section */

/* Begin XCConfigurationList section */
		5675BC8B24E61AEA00F55131 /* Build configuration list for PBXProject "Owllery" */ = {
			isa = XCConfigurationList;
			buildConfigurations = (
				5675BCA224E61AEC00F55131 /* Debug */,
				5675BCA324E61AEC00F55131 /* Release */,
			);
			defaultConfigurationIsVisible = 0;
			defaultConfigurationName = Release;
		};
		5675BCA424E61AEC00F55131 /* Build configuration list for PBXNativeTarget "Owllery" */ = {
			isa = XCConfigurationList;
			buildConfigurations = (
				5675BCA524E61AEC00F55131 /* Debug */,
				5675BCA624E61AEC00F55131 /* Release */,
			);
			defaultConfigurationIsVisible = 0;
			defaultConfigurationName = Release;
		};
/* End XCConfigurationList section */
	};
	rootObject = 5675BC8824E61AEA00F55131 /* Project object */;
}
